
Microsoft Visual Studio Solution File, Format Version 11.00
# Visual Studio 2010
Project("{8BC9CEB8-8B4A-11D0-8D11-00A0C91BC942}") = "MICO32", "MICO32.vcxproj", "{DD4CE4BE-3E67-4CCD-AF38-6E68669F1A7F}"
EndProject
Project("{8BC9CEB8-8B4A-11D0-8D11-00A0C91BC942}") = "MICO32_SPP", "MICO32_SPP.vcxproj", "{B1D2D3F1-B3A5-4C6B-B97B-6060DDFD4C4C}"
EndProject
Global
	GlobalSection(SolutionConfigurationPlatforms) = preSolution
		Debug|Win32 = Debug|Win32
		Release|Win32 = Release|Win32
	EndGlobalSection
	GlobalSection(ProjectConfigurationPlatforms) = postSolution
		{DD4CE4BE-3E67-4CCD-AF38-6E68669F1A7F}.Debug|Win32.ActiveCfg = Debug|Win32
		{DD4CE4BE-3E67-4CCD-AF38-6E68669F1A7F}.Debug|Win32.Build.0 = Debug|Win32
		{DD4CE4BE-3E67-4CCD-AF38-6E68669F1A7F}.Release|Win32.ActiveCfg = Release|Win32
		{DD4CE4BE-3E67-4CCD-AF38-6E68669F1A7F}.Release|Win32.Build.0 = Release|Win32
		{B1D2D3F1-B3A5-4C6B-B97B-6060DDFD4C4C}.Debug|Win32.ActiveCfg = Debug|Win32
		{B1D2D3F1-B3A5-4C6B-B97B-6060DDFD4C4C}.Debug|Win32.Build.0 = Debug|Win32
		{B1D2D3F1-B3A5-4C6B-B97B-6060DDFD4C4C}.Release|Win32.ActiveCfg = Release|Win32
		{B1D2D3F1-B3A5-4C6B-B97B-6060DDFD4C4C}.Release|Win32.Build.0 = Release|Win32
	EndGlobalSection
	GlobalSection(SolutionProperties) = preSolution
		HideSolutionNode = FALSE
	EndGlobalSection
EndGlobal
